
Microsoft Visual Studio Solution File, Format Version 12.00
# Visual Studio Version 17
VisualStudioVersion = 17.9.34714.143
MinimumVisualStudioVersion = 10.0.40219.1
Project("{9A19103F-16F7-4668-BE54-9A1E7A4F7556}") = "TestTask", "TestTask\TestTask.csproj", "{18CCD7AA-CAD3-4794-8E21-72AB157FB5B4}"
EndProject
Project("{FAE04EC0-301F-11D3-BF4B-00C04F79EFBC}") = "TestTaskTests", "TestTaskTests\TestTaskTests.csproj", "{1307EA69-67BC-4B16-8747-08677940A368}"
EndProject
Global
	GlobalSection(SolutionConfigurationPlatforms) = preSolution
		Debug|Any CPU = Debug|Any CPU
		Release|Any CPU = Release|Any CPU
	EndGlobalSection
	GlobalSection(ProjectConfigurationPlatforms) = postSolution
		{18CCD7AA-CAD3-4794-8E21-72AB157FB5B4}.Debug|Any CPU.ActiveCfg = Debug|Any CPU
		{18CCD7AA-CAD3-4794-8E21-72AB157FB5B4}.Debug|Any CPU.Build.0 = Debug|Any CPU
		{18CCD7AA-CAD3-4794-8E21-72AB157FB5B4}.Release|Any CPU.ActiveCfg = Release|Any CPU
		{18CCD7AA-CAD3-4794-8E21-72AB157FB5B4}.Release|Any CPU.Build.0 = Release|Any CPU
		{1307EA69-67BC-4B16-8747-08677940A368}.Debug|Any CPU.ActiveCfg = Debug|Any CPU
		{1307EA69-67BC-4B16-8747-08677940A368}.Debug|Any CPU.Build.0 = Debug|Any CPU
		{1307EA69-67BC-4B16-8747-08677940A368}.Release|Any CPU.ActiveCfg = Release|Any CPU
		{1307EA69-67BC-4B16-8747-08677940A368}.Release|Any CPU.Build.0 = Release|Any CPU
	EndGlobalSection
	GlobalSection(SolutionProperties) = preSolution
		HideSolutionNode = FALSE
	EndGlobalSection
	GlobalSection(ExtensibilityGlobals) = postSolution
		SolutionGuid = {0AE4766E-0B34-43C7-B1FA-BCD06833C6F7}
	EndGlobalSection
EndGlobal
